
Microsoft Visual Studio Solution File, Format Version 12.00
# Visual Studio 14
VisualStudioVersion = 14.0.24720.0
MinimumVisualStudioVersion = 10.0.40219.1
Project("{581633EB-B896-402F-8E60-36F3DA191C85}") = "HMTL1501", "HMTL1501\HMTL1501.lsxtproj", "{FEF357AD-44A4-452A-BE1C-3E369A0EC13E}"
EndProject
Project("{FAE04EC0-301F-11D3-BF4B-00C04F79EFBC}") = "HMTL1501.Server", "HMTL1501\HMTL1501.Server\HMTL1501.Server.csproj", "{C24B7815-FA4E-41BA-8F05-19329115B94E}"
EndProject
Project("{262852C6-CD72-467D-83FE-5EEB1973A190}") = "HMTL1501.HTMLClient", "HMTL1501\HMTL1501.HTMLClient\HMTL1501.HTMLClient.jsproj", "{24D8E43C-75E8-48D7-8FAA-849448BE0D0D}"
EndProject
Project("{00D1A9C2-B5F0-4AF3-8072-F6C62B433612}") = "Database1", "Database1\Database1.sqlproj", "{DE28895C-6DDA-4576-ABD1-58FBD66C584D}"
	ProjectSection(ProjectDependencies) = postProject
		{FEF357AD-44A4-452A-BE1C-3E369A0EC13E} = {FEF357AD-44A4-452A-BE1C-3E369A0EC13E}
	EndProjectSection
EndProject
Global
	GlobalSection(SolutionConfigurationPlatforms) = preSolution
		Debug|Any CPU = Debug|Any CPU
		Release|Any CPU = Release|Any CPU
	EndGlobalSection
	GlobalSection(ProjectConfigurationPlatforms) = postSolution
		{FEF357AD-44A4-452A-BE1C-3E369A0EC13E}.Debug|Any CPU.ActiveCfg = Debug|Any CPU
		{FEF357AD-44A4-452A-BE1C-3E369A0EC13E}.Debug|Any CPU.Build.0 = Debug|Any CPU
		{FEF357AD-44A4-452A-BE1C-3E369A0EC13E}.Release|Any CPU.ActiveCfg = Release|Any CPU
		{FEF357AD-44A4-452A-BE1C-3E369A0EC13E}.Release|Any CPU.Build.0 = Release|Any CPU
		{C24B7815-FA4E-41BA-8F05-19329115B94E}.Debug|Any CPU.ActiveCfg = Debug|Any CPU
		{C24B7815-FA4E-41BA-8F05-19329115B94E}.Debug|Any CPU.Build.0 = Debug|Any CPU
		{C24B7815-FA4E-41BA-8F05-19329115B94E}.Release|Any CPU.ActiveCfg = Release|Any CPU
		{C24B7815-FA4E-41BA-8F05-19329115B94E}.Release|Any CPU.Build.0 = Release|Any CPU
		{24D8E43C-75E8-48D7-8FAA-849448BE0D0D}.Debug|Any CPU.ActiveCfg = Debug|Any CPU
		{24D8E43C-75E8-48D7-8FAA-849448BE0D0D}.Debug|Any CPU.Build.0 = Debug|Any CPU
		{24D8E43C-75E8-48D7-8FAA-849448BE0D0D}.Release|Any CPU.ActiveCfg = Release|Any CPU
		{24D8E43C-75E8-48D7-8FAA-849448BE0D0D}.Release|Any CPU.Build.0 = Release|Any CPU
		{DE28895C-6DDA-4576-ABD1-58FBD66C584D}.Debug|Any CPU.ActiveCfg = Debug|Any CPU
		{DE28895C-6DDA-4576-ABD1-58FBD66C584D}.Debug|Any CPU.Build.0 = Debug|Any CPU
		{DE28895C-6DDA-4576-ABD1-58FBD66C584D}.Debug|Any CPU.Deploy.0 = Debug|Any CPU
		{DE28895C-6DDA-4576-ABD1-58FBD66C584D}.Release|Any CPU.ActiveCfg = Release|Any CPU
		{DE28895C-6DDA-4576-ABD1-58FBD66C584D}.Release|Any CPU.Build.0 = Release|Any CPU
		{DE28895C-6DDA-4576-ABD1-58FBD66C584D}.Release|Any CPU.Deploy.0 = Release|Any CPU
	EndGlobalSection
	GlobalSection(SolutionProperties) = preSolution
		HideSolutionNode = FALSE
	EndGlobalSection
EndGlobal
